
Microsoft Visual Studio Solution File, Format Version 12.00
# Visual Studio Version 16
VisualStudioVersion = 16.0.30907.101
MinimumVisualStudioVersion = 10.0.40219.1
Project("{FAE04EC0-301F-11D3-BF4B-00C04F79EFBC}") = "Gadaleta_7_7_Real", "Gadaleta_7_7_Real.csproj", "{F55839E8-7D60-482D-9ED1-D6A4F17D2837}"
EndProject
Global
	GlobalSection(SolutionConfigurationPlatforms) = preSolution
		Debug|Any CPU = Debug|Any CPU
		Release|Any CPU = Release|Any CPU
	EndGlobalSection
	GlobalSection(ProjectConfigurationPlatforms) = postSolution
		{F55839E8-7D60-482D-9ED1-D6A4F17D2837}.Debug|Any CPU.ActiveCfg = Debug|Any CPU
		{F55839E8-7D60-482D-9ED1-D6A4F17D2837}.Debug|Any CPU.Build.0 = Debug|Any CPU
		{F55839E8-7D60-482D-9ED1-D6A4F17D2837}.Release|Any CPU.ActiveCfg = Release|Any CPU
		{F55839E8-7D60-482D-9ED1-D6A4F17D2837}.Release|Any CPU.Build.0 = Release|Any CPU
	EndGlobalSection
	GlobalSection(SolutionProperties) = preSolution
		HideSolutionNode = FALSE
	EndGlobalSection
	GlobalSection(ExtensibilityGlobals) = postSolution
		SolutionGuid = {4FAC1FF0-4E95-4DFB-A6EB-E1331DDF8A1E}
	EndGlobalSection
EndGlobal
