
Microsoft Visual Studio Solution File, Format Version 12.00
# Visual Studio Version 16
VisualStudioVersion = 16.0.30804.86
MinimumVisualStudioVersion = 10.0.40219.1
Project("{FAE04EC0-301F-11D3-BF4B-00C04F79EFBC}") = "Gadaleta_6_5", "Gadaleta_6_5.csproj", "{C8BD0FB4-431C-423F-80C7-CA5F51EBB438}"
EndProject
Global
	GlobalSection(SolutionConfigurationPlatforms) = preSolution
		Debug|Any CPU = Debug|Any CPU
		Release|Any CPU = Release|Any CPU
	EndGlobalSection
	GlobalSection(ProjectConfigurationPlatforms) = postSolution
		{C8BD0FB4-431C-423F-80C7-CA5F51EBB438}.Debug|Any CPU.ActiveCfg = Debug|Any CPU
		{C8BD0FB4-431C-423F-80C7-CA5F51EBB438}.Debug|Any CPU.Build.0 = Debug|Any CPU
		{C8BD0FB4-431C-423F-80C7-CA5F51EBB438}.Release|Any CPU.ActiveCfg = Release|Any CPU
		{C8BD0FB4-431C-423F-80C7-CA5F51EBB438}.Release|Any CPU.Build.0 = Release|Any CPU
	EndGlobalSection
	GlobalSection(SolutionProperties) = preSolution
		HideSolutionNode = FALSE
	EndGlobalSection
	GlobalSection(ExtensibilityGlobals) = postSolution
		SolutionGuid = {28D3286B-073A-4CB3-A7EA-BA86A328776C}
	EndGlobalSection
EndGlobal
