
Microsoft Visual Studio Solution File, Format Version 12.00
# Visual Studio Version 16
VisualStudioVersion = 16.0.30804.86
MinimumVisualStudioVersion = 10.0.40219.1
Project("{FAE04EC0-301F-11D3-BF4B-00C04F79EFBC}") = "Gadaleta_2_2", "Gadaleta_2_2.csproj", "{43DD02DC-7499-459B-9AFD-A8AC188885B0}"
EndProject
Global
	GlobalSection(SolutionConfigurationPlatforms) = preSolution
		Debug|Any CPU = Debug|Any CPU
		Release|Any CPU = Release|Any CPU
	EndGlobalSection
	GlobalSection(ProjectConfigurationPlatforms) = postSolution
		{43DD02DC-7499-459B-9AFD-A8AC188885B0}.Debug|Any CPU.ActiveCfg = Debug|Any CPU
		{43DD02DC-7499-459B-9AFD-A8AC188885B0}.Debug|Any CPU.Build.0 = Debug|Any CPU
		{43DD02DC-7499-459B-9AFD-A8AC188885B0}.Release|Any CPU.ActiveCfg = Release|Any CPU
		{43DD02DC-7499-459B-9AFD-A8AC188885B0}.Release|Any CPU.Build.0 = Release|Any CPU
	EndGlobalSection
	GlobalSection(SolutionProperties) = preSolution
		HideSolutionNode = FALSE
	EndGlobalSection
	GlobalSection(ExtensibilityGlobals) = postSolution
		SolutionGuid = {57BABFFA-2B20-44EF-A0A6-813E8ADDB036}
	EndGlobalSection
EndGlobal
